PODS:
  - CalculatorPlugin (1.1.2):
    - CalculatorPlugin/Core (= 1.1.2)
  - CalculatorPlugin/Core (1.1.2):
    - CurrencyText
    - MobileWorkflow (~> 2.1.29)
  - CurrencyText (2.2.0):
    - CurrencyText/CurrencyFormatter (= 2.2.0)
    - CurrencyText/CurrencyTextField (= 2.2.0)
    - CurrencyText/CurrencyUITextField (= 2.2.0)
  - CurrencyText/CurrencyFormatter (2.2.0)
  - CurrencyText/CurrencyTextField (2.2.0):
    - CurrencyText/CurrencyFormatter
    - CurrencyText/CurrencyUITextField
  - CurrencyText/CurrencyUITextField (2.2.0):
    - CurrencyText/CurrencyFormatter
  - MobileWorkflow (2.1.29):
    - MobileWorkflow/Core (= 2.1.29)
  - MobileWorkflow/Core (2.1.29)

DEPENDENCIES:
  - CalculatorPlugin (from `CalculatorPlugin.podspec`)
  - MobileWorkflow (~> 2.1.6)

SPEC REPOS:
  https://github.com/FutureWorkshops/MWPodspecs.git:
    - MobileWorkflow
  trunk:
    - CurrencyText

EXTERNAL SOURCES:
  CalculatorPlugin:
    :path: CalculatorPlugin.podspec

SPEC CHECKSUMS:
  CalculatorPlugin: 5fd8c4c2c3c3b2760a64f30c8ffa228dfd6799fc
  CurrencyText: d6044473043b17e67baeeb35745dc265c026dda0
  MobileWorkflow: 95ae9b93675fd092a4974787948b83899844354d

PODFILE CHECKSUM: baf9a24ffb106106ff25443699e68a8cb3a13e82

COCOAPODS: 1.15.2
